
Microsoft Visual Studio Solution File, Format Version 12.00
Project("{FAE04EC0-301F-11D3-BF4B-00C04F79EFBC}") = "RateSetter", "RateSetter\RateSetter.csproj", "{33949542-6064-47FD-87C1-33E3DFB6C6A0}"
EndProject
Global
	GlobalSection(SolutionConfigurationPlatforms) = preSolution
		Debug|Any CPU = Debug|Any CPU
		Release|Any CPU = Release|Any CPU
	EndGlobalSection
	GlobalSection(ProjectConfigurationPlatforms) = postSolution
		{33949542-6064-47FD-87C1-33E3DFB6C6A0}.Debug|Any CPU.ActiveCfg = Debug|Any CPU
		{33949542-6064-47FD-87C1-33E3DFB6C6A0}.Debug|Any CPU.Build.0 = Debug|Any CPU
		{33949542-6064-47FD-87C1-33E3DFB6C6A0}.Release|Any CPU.ActiveCfg = Release|Any CPU
		{33949542-6064-47FD-87C1-33E3DFB6C6A0}.Release|Any CPU.Build.0 = Release|Any CPU
	EndGlobalSection
EndGlobal
